
Microsoft Visual Studio Solution File, Format Version 12.00
# Visual Studio Version 16
VisualStudioVersion = 16.0.31025.194
MinimumVisualStudioVersion = 10.0.40219.1
Project("{FAE04EC0-301F-11D3-BF4B-00C04F79EFBC}") = "PracticeTestWk3", "PracticeTestWk3\PracticeTestWk3.csproj", "{71D69A80-D3AA-4501-ADED-11632198B011}"
EndProject
Global
	GlobalSection(SolutionConfigurationPlatforms) = preSolution
		Debug|Any CPU = Debug|Any CPU
		Release|Any CPU = Release|Any CPU
	EndGlobalSection
	GlobalSection(ProjectConfigurationPlatforms) = postSolution
		{71D69A80-D3AA-4501-ADED-11632198B011}.Debug|Any CPU.ActiveCfg = Debug|Any CPU
		{71D69A80-D3AA-4501-ADED-11632198B011}.Debug|Any CPU.Build.0 = Debug|Any CPU
		{71D69A80-D3AA-4501-ADED-11632198B011}.Release|Any CPU.ActiveCfg = Release|Any CPU
		{71D69A80-D3AA-4501-ADED-11632198B011}.Release|Any CPU.Build.0 = Release|Any CPU
	EndGlobalSection
	GlobalSection(SolutionProperties) = preSolution
		HideSolutionNode = FALSE
	EndGlobalSection
	GlobalSection(ExtensibilityGlobals) = postSolution
		SolutionGuid = {89C230CE-53D5-4787-BB23-A5491E68E456}
	EndGlobalSection
EndGlobal
